
Microsoft Visual Studio Solution File, Format Version 12.00
# Visual Studio Version 17
VisualStudioVersion = 17.1.32210.238
MinimumVisualStudioVersion = 10.0.40219.1
Project("{9A19103F-16F7-4668-BE54-9A1E7A4F7556}") = "Sklep.PortalWWW", "Sklep.PortalWWW\Sklep.PortalWWW.csproj", "{C2B1A89D-3401-4350-9145-B0EDAC167AC4}"
EndProject
Project("{9A19103F-16F7-4668-BE54-9A1E7A4F7556}") = "Sklep.Intranet", "Sklep.Intranet\Sklep.Intranet.csproj", "{876BE0AB-B70B-4629-B6AB-48D1BD78B607}"
EndProject
Project("{FAE04EC0-301F-11D3-BF4B-00C04F79EFBC}") = "Sklep.Data", "Sklep.Data\Sklep.Data.csproj", "{F3A5A080-CF65-4CCC-9882-3D269E9464E0}"
EndProject
Global
	GlobalSection(SolutionConfigurationPlatforms) = preSolution
		Debug|Any CPU = Debug|Any CPU
		Release|Any CPU = Release|Any CPU
	EndGlobalSection
	GlobalSection(ProjectConfigurationPlatforms) = postSolution
		{C2B1A89D-3401-4350-9145-B0EDAC167AC4}.Debug|Any CPU.ActiveCfg = Debug|Any CPU
		{C2B1A89D-3401-4350-9145-B0EDAC167AC4}.Debug|Any CPU.Build.0 = Debug|Any CPU
		{C2B1A89D-3401-4350-9145-B0EDAC167AC4}.Release|Any CPU.ActiveCfg = Release|Any CPU
		{C2B1A89D-3401-4350-9145-B0EDAC167AC4}.Release|Any CPU.Build.0 = Release|Any CPU
		{876BE0AB-B70B-4629-B6AB-48D1BD78B607}.Debug|Any CPU.ActiveCfg = Debug|Any CPU
		{876BE0AB-B70B-4629-B6AB-48D1BD78B607}.Debug|Any CPU.Build.0 = Debug|Any CPU
		{876BE0AB-B70B-4629-B6AB-48D1BD78B607}.Release|Any CPU.ActiveCfg = Release|Any CPU
		{876BE0AB-B70B-4629-B6AB-48D1BD78B607}.Release|Any CPU.Build.0 = Release|Any CPU
		{F3A5A080-CF65-4CCC-9882-3D269E9464E0}.Debug|Any CPU.ActiveCfg = Debug|Any CPU
		{F3A5A080-CF65-4CCC-9882-3D269E9464E0}.Debug|Any CPU.Build.0 = Debug|Any CPU
		{F3A5A080-CF65-4CCC-9882-3D269E9464E0}.Release|Any CPU.ActiveCfg = Release|Any CPU
		{F3A5A080-CF65-4CCC-9882-3D269E9464E0}.Release|Any CPU.Build.0 = Release|Any CPU
	EndGlobalSection
	GlobalSection(SolutionProperties) = preSolution
		HideSolutionNode = FALSE
	EndGlobalSection
	GlobalSection(ExtensibilityGlobals) = postSolution
		SolutionGuid = {77C91A6B-F5FF-46C3-A3EF-7A6B570F1138}
	EndGlobalSection
EndGlobal
